{
  "object": {
    "pins": [
      {
        "package": "Runestone",
        "repositoryURL": "https://github.com/simonbs/Runestone",
        "state": {
          "branch": "mac",
          "revision": "4c8043b72f5a38b12e33cf0e37d011e5a2509172",
          "version": null
        }
      }
    ]
  },
  "version": 1
}
